{
  "name": "stylelint-config-prettier",
  "version": "8.0.2",
  "lockfileVersion": 1,
  "requires": true,
  "dependencies": {
    "eslint-config-prettier": {
      "version": "8.3.0",
      "resolved": "https://registry.npmjs.org/eslint-config-prettier/-/eslint-config-prettier-8.3.0.tgz",
      "integrity": "sha512-BgZuLUSeKzvlL/VUjx/Yb787VQ26RU3gGjA3iiFvdsp/2bMfVIWUVP7tjxtjS0e+HP409cPlPvNkQloz8C91ew==",
      "dev": true
    },
    "npm-bin-deps": {
      "version": "1.9.0",
      "resolved": "https://registry.npmjs.org/npm-bin-deps/-/npm-bin-deps-1.9.0.tgz",
      "integrity": "sha512-4G36+YOLqJ2xp0d6wUmzqAqRIMgTHbb0cUaoan8eXSo4ZBqCA0wTA7ysrGlIPje92Kh/jdBkvoTSrEUXqvoLaQ==",
      "dev": true
    }
  }
}
