{
  "name": "stylelint-config-prettier",
  "version": "8.0.2",
  "lockfileVersion": 1,
  "requires": true,
  "dependencies": {
    "eslint-config-prettier": {
      "version": "6.15.0",
      "resolved": "https://registry.npmjs.org/eslint-config-prettier/-/eslint-config-prettier-6.15.0.tgz",
      "integrity": "sha512-a1+kOYLR8wMGustcgAjdydMsQ2A/2ipRPwRKUmfYaSxc9ZPcrku080Ctl6zrZzZNs/U82MjSv+qKREkoq3bJaw==",
      "dev": true,
      "requires": {
        "get-stdin": "^6.0.0"
      }
    },
    "get-stdin": {
      "version": "6.0.0",
      "resolved": "https://registry.npmjs.org/get-stdin/-/get-stdin-6.0.0.tgz",
      "integrity": "sha512-jp4tHawyV7+fkkSKyvjuLZswblUtz+SQKzSWnBbii16BuZksJlU1wuBYXY75r+duh/llF1ur6oNwi+2ZzjKZ7g==",
      "dev": true
    },
    "npm-bin-deps": {
      "version": "1.9.0",
      "resolved": "https://registry.npmjs.org/npm-bin-deps/-/npm-bin-deps-1.9.0.tgz",
      "integrity": "sha512-4G36+YOLqJ2xp0d6wUmzqAqRIMgTHbb0cUaoan8eXSo4ZBqCA0wTA7ysrGlIPje92Kh/jdBkvoTSrEUXqvoLaQ==",
      "dev": true
    }
  }
}
