{
  "name": "stylelint-config-prettier",
  "version": "8.0.2",
  "lockfileVersion": 1,
  "requires": true,
  "dependencies": {
    "eslint-config-prettier": {
      "version": "6.11.0",
      "resolved": "https://registry.npmjs.org/eslint-config-prettier/-/eslint-config-prettier-6.11.0.tgz",
      "integrity": "sha512-oB8cpLWSAjOVFEJhhyMZh6NOEOtBVziaqdDQ86+qhDHFbZXoRTM7pNSvFRfW/W/L/LrQ38C99J5CGuRBBzBsdA==",
      "dev": true,
      "requires": {
        "get-stdin": "^6.0.0"
      }
    },
    "get-stdin": {
      "version": "6.0.0",
      "resolved": "https://registry.npmjs.org/get-stdin/-/get-stdin-6.0.0.tgz",
      "integrity": "sha512-jp4tHawyV7+fkkSKyvjuLZswblUtz+SQKzSWnBbii16BuZksJlU1wuBYXY75r+duh/llF1ur6oNwi+2ZzjKZ7g==",
      "dev": true
    },
    "npm-bin-deps": {
      "version": "1.10.0",
      "resolved": "https://registry.npmjs.org/npm-bin-deps/-/npm-bin-deps-1.10.0.tgz",
      "integrity": "sha512-JneR7XZd5SnzLxexeaP6fRVe27Z4ggy7YNFAxhA1WRusqRY0t0x5VLs28OAnrrkv/ha7CDai2G71X2F+1CmHww==",
      "dev": true
    }
  }
}
